// !$*UTF8*$!
{
	archiveVersion = 1;
	classes = {
	};
	objectVersion = 56;
	objects = {

/* Begin PBXBuildFile section */
		A357535729DEB28500E216D5 /* AppDelegate.swift in Sources */ = {isa = PBXBuildFile; fileRef = A357535629DEB28500E216D5 /* AppDelegate.swift */; };
		A357535929DEB28500E216D5 /* SceneDelegate.swift in Sources */ = {isa = PBXBuildFile; fileRef = A357535829DEB28500E216D5 /* SceneDelegate.swift */; };
		A357535E29DEB28500E216D5 /* Main.storyboard in Resources */ = {isa = PBXBuildFile; fileRef = A357535C29DEB28500E216D5 /* Main.storyboard */; };
		A357536029DEB28600E216D5 /* Assets.xcassets in Resources */ = {isa = PBXBuildFile; fileRef = A357535F29DEB28600E216D5 /* Assets.xcassets */; };
		A357536329DEB28600E216D5 /* LaunchScreen.storyboard in Resources */ = {isa = PBXBuildFile; fileRef = A357536129DEB28600E216D5 /* LaunchScreen.storyboard */; };
		A357536B29DEBDFB00E216D5 /* GameViewController.swift in Sources */ = {isa = PBXBuildFile; fileRef = A357536A29DEBDFB00E216D5 /* GameViewController.swift */; };
		A357536D29DEC9DA00E216D5 /* Game.swift in Sources */ = {isa = PBXBuildFile; fileRef = A357536C29DEC9DA00E216D5 /* Game.swift */; };
		A3ADD6A729E08E440077C152 /* SettingsTableViewController.swift in Sources */ = {isa = PBXBuildFile; fileRef = A3ADD6A629E08E440077C152 /* SettingsTableViewController.swift */; };
		A3ADD6A929E08EE40077C152 /* SelectTimeViewController.swift in Sources */ = {isa = PBXBuildFile; fileRef = A3ADD6A829E08EE40077C152 /* SelectTimeViewController.swift */; };
		A3ADD6AB29E09C090077C152 /* Settings.swift in Sources */ = {isa = PBXBuildFile; fileRef = A3ADD6AA29E09C090077C152 /* Settings.swift */; };
		A3DA1AA329E0B1BB00AE4B1F /* RecordViewController.swift in Sources */ = {isa = PBXBuildFile; fileRef = A3DA1AA229E0B1BB00AE4B1F /* RecordViewController.swift */; };
/* End PBXBuildFile section */

/* Begin PBXFileReference section */
		A357535329DEB28500E216D5 /* FindNumber.app */ = {isa = PBXFileReference; explicitFileType = wrapper.application; includeInIndex = 0; path = FindNumber.app; sourceTree = BUILT_PRODUCTS_DIR; };
		A357535629DEB28500E216D5 /* AppDelegate.swift */ = {isa = PBXFileReference; lastKnownFileType = sourcecode.swift; path = AppDelegate.swift; sourceTree = "<group>"; };
		A357535829DEB28500E216D5 /* SceneDelegate.swift */ = {isa = PBXFileReference; lastKnownFileType = sourcecode.swift; path = SceneDelegate.swift; sourceTree = "<group>"; };
		A357535D29DEB28500E216D5 /* Base */ = {isa = PBXFileReference; lastKnownFileType = file.storyboard; name = Base; path = Base.lproj/Main.storyboard; sourceTree = "<group>"; };
		A357535F29DEB28600E216D5 /* Assets.xcassets */ = {isa = PBXFileReference; lastKnownFileType = folder.assetcatalog; path = Assets.xcassets; sourceTree = "<group>"; };
		A357536229DEB28600E216D5 /* Base */ = {isa = PBXFileReference; lastKnownFileType = file.storyboard; name = Base; path = Base.lproj/LaunchScreen.storyboard; sourceTree = "<group>"; };
		A357536429DEB28600E216D5 /* Info.plist */ = {isa = PBXFileReference; lastKnownFileType = text.plist.xml; path = Info.plist; sourceTree = "<group>"; };
		A357536A29DEBDFB00E216D5 /* GameViewController.swift */ = {isa = PBXFileReference; lastKnownFileType = sourcecode.swift; path = GameViewController.swift; sourceTree = "<group>"; };
		A357536C29DEC9DA00E216D5 /* Game.swift */ = {isa = PBXFileReference; lastKnownFileType = sourcecode.swift; path = Game.swift; sourceTree = "<group>"; };
		A3ADD6A629E08E440077C152 /* SettingsTableViewController.swift */ = {isa = PBXFileReference; lastKnownFileType = sourcecode.swift; path = SettingsTableViewController.swift; sourceTree = "<group>"; };
		A3ADD6A829E08EE40077C152 /* SelectTimeViewController.swift */ = {isa = PBXFileReference; lastKnownFileType = sourcecode.swift; path = SelectTimeViewController.swift; sourceTree = "<group>"; };
		A3ADD6AA29E09C090077C152 /* Settings.swift */ = {isa = PBXFileReference; lastKnownFileType = sourcecode.swift; path = Settings.swift; sourceTree = "<group>"; };
		A3DA1AA229E0B1BB00AE4B1F /* RecordViewController.swift */ = {isa = PBXFileReference; lastKnownFileType = sourcecode.swift; path = RecordViewController.swift; sourceTree = "<group>"; };
/* End PBXFileReference section */

/* Begin PBXFrameworksBuildPhase section */
		A357535029DEB28500E216D5 /* Frameworks */ = {
			isa = PBXFrameworksBuildPhase;
			buildActionMask = 2147483647;
			files = (
			);
			runOnlyForDeploymentPostprocessing = 0;
		};
/* End PBXFrameworksBuildPhase section */

/* Begin PBXGroup section */
		A357534A29DEB28500E216D5 = {
			isa = PBXGroup;
			children = (
				A357535529DEB28500E216D5 /* FindNumber */,
				A357535429DEB28500E216D5 /* Products */,
			);
			sourceTree = "<group>";
		};
		A357535429DEB28500E216D5 /* Products */ = {
			isa = PBXGroup;
			children = (
				A357535329DEB28500E216D5 /* FindNumber.app */,
			);
			name = Products;
			sourceTree = "<group>";
		};
		A357535529DEB28500E216D5 /* FindNumber */ = {
			isa = PBXGroup;
			children = (
				A3CF19532A530B050030B940 /* Models */,
				A3CF19522A530AD40030B940 /* VIewControllers */,
				A3CF19542A530B3E0030B940 /* Views */,
				A3CF19552A530B950030B940 /* SupportingFiles */,
			);
			path = FindNumber;
			sourceTree = "<group>";
		};
		A3CF19522A530AD40030B940 /* VIewControllers */ = {
			isa = PBXGroup;
			children = (
				A3DA1AA229E0B1BB00AE4B1F /* RecordViewController.swift */,
				A357536A29DEBDFB00E216D5 /* GameViewController.swift */,
				A3ADD6A829E08EE40077C152 /* SelectTimeViewController.swift */,
				A3ADD6A629E08E440077C152 /* SettingsTableViewController.swift */,
			);
			path = VIewControllers;
			sourceTree = "<group>";
		};
		A3CF19532A530B050030B940 /* Models */ = {
			isa = PBXGroup;
			children = (
				A357536C29DEC9DA00E216D5 /* Game.swift */,
				A3ADD6AA29E09C090077C152 /* Settings.swift */,
			);
			path = Models;
			sourceTree = "<group>";
		};
		A3CF19542A530B3E0030B940 /* Views */ = {
			isa = PBXGroup;
			children = (
				A357535C29DEB28500E216D5 /* Main.storyboard */,
				A357536129DEB28600E216D5 /* LaunchScreen.storyboard */,
			);
			path = Views;
			sourceTree = "<group>";
		};
		A3CF19552A530B950030B940 /* SupportingFiles */ = {
			isa = PBXGroup;
			children = (
				A357535829DEB28500E216D5 /* SceneDelegate.swift */,
				A357535629DEB28500E216D5 /* AppDelegate.swift */,
				A357535F29DEB28600E216D5 /* Assets.xcassets */,
				A357536429DEB28600E216D5 /* Info.plist */,
			);
			path = SupportingFiles;
			sourceTree = "<group>";
		};
/* End PBXGroup section */

/* Begin PBXNativeTarget section */
		A357535229DEB28500E216D5 /* FindNumber */ = {
			isa = PBXNativeTarget;
			buildConfigurationList = A357536729DEB28600E216D5 /* Build configuration list for PBXNativeTarget "FindNumber" */;
			buildPhases = (
				A357534F29DEB28500E216D5 /* Sources */,
				A357535029DEB28500E216D5 /* Frameworks */,
				A357535129DEB28500E216D5 /* Resources */,
			);
			buildRules = (
			);
			dependencies = (
			);
			name = FindNumber;
			productName = FindNumber;
			productReference = A357535329DEB28500E216D5 /* FindNumber.app */;
			productType = "com.apple.product-type.application";
		};
/* End PBXNativeTarget section */

/* Begin PBXProject section */
		A357534B29DEB28500E216D5 /* Project object */ = {
			isa = PBXProject;
			attributes = {
				BuildIndependentTargetsInParallel = 1;
				LastSwiftUpdateCheck = 1430;
				LastUpgradeCheck = 1430;
				TargetAttributes = {
					A357535229DEB28500E216D5 = {
						CreatedOnToolsVersion = 14.3;
					};
				};
			};
			buildConfigurationList = A357534E29DEB28500E216D5 /* Build configuration list for PBXProject "FindNumber" */;
			compatibilityVersion = "Xcode 14.0";
			developmentRegion = en;
			hasScannedForEncodings = 0;
			knownRegions = (
				en,
				Base,
			);
			mainGroup = A357534A29DEB28500E216D5;
			productRefGroup = A357535429DEB28500E216D5 /* Products */;
			projectDirPath = "";
			projectRoot = "";
			targets = (
				A357535229DEB28500E216D5 /* FindNumber */,
			);
		};
/* End PBXProject section */

/* Begin PBXResourcesBuildPhase section */
		A357535129DEB28500E216D5 /* Resources */ = {
			isa = PBXResourcesBuildPhase;
			buildActionMask = 2147483647;
			files = (
				A357536329DEB28600E216D5 /* LaunchScreen.storyboard in Resources */,
				A357536029DEB28600E216D5 /* Assets.xcassets in Resources */,
				A357535E29DEB28500E216D5 /* Main.storyboard in Resources */,
			);
			runOnlyForDeploymentPostprocessing = 0;
		};
/* End PBXResourcesBuildPhase section */

/* Begin PBXSourcesBuildPhase section */
		A357534F29DEB28500E216D5 /* Sources */ = {
			isa = PBXSourcesBuildPhase;
			buildActionMask = 2147483647;
			files = (
				A357535729DEB28500E216D5 /* AppDelegate.swift in Sources */,
				A3ADD6A929E08EE40077C152 /* SelectTimeViewController.swift in Sources */,
				A3ADD6A729E08E440077C152 /* SettingsTableViewController.swift in Sources */,
				A3DA1AA329E0B1BB00AE4B1F /* RecordViewController.swift in Sources */,
				A357536B29DEBDFB00E216D5 /* GameViewController.swift in Sources */,
				A3ADD6AB29E09C090077C152 /* Settings.swift in Sources */,
				A357535929DEB28500E216D5 /* SceneDelegate.swift in Sources */,
				A357536D29DEC9DA00E216D5 /* Game.swift in Sources */,
			);
			runOnlyForDeploymentPostprocessing = 0;
		};
/* End PBXSourcesBuildPhase section */

/* Begin PBXVariantGroup section */
		A357535C29DEB28500E216D5 /* Main.storyboard */ = {
			isa = PBXVariantGroup;
			children = (
				A357535D29DEB28500E216D5 /* Base */,
			);
			name = Main.storyboard;
			sourceTree = "<group>";
		};
		A357536129DEB28600E216D5 /* LaunchScreen.storyboard */ = {
			isa = PBXVariantGroup;
			children = (
				A357536229DEB28600E216D5 /* Base */,
			);
			name = LaunchScreen.storyboard;
			sourceTree = "<group>";
		};
/* End PBXVariantGroup section */

/* Begin XCBuildConfiguration section */
		A357536529DEB28600E216D5 /* Debug */ = {
			isa = XCBuildConfiguration;
			buildSettings = {
				ALWAYS_SEARCH_USER_PATHS = NO;
				CLANG_ANALYZER_NONNULL = YES;
				CLANG_ANALYZER_NUMBER_OBJECT_CONVERSION = YES_AGGRESSIVE;
				CLANG_CXX_LANGUAGE_STANDARD = "gnu++20";
				CLANG_ENABLE_MODULES = YES;
				CLANG_ENABLE_OBJC_ARC = YES;
				CLANG_ENABLE_OBJC_WEAK = YES;
				CLANG_WARN_BLOCK_CAPTURE_AUTORELEASING = YES;
				CLANG_WARN_BOOL_CONVERSION = YES;
				CLANG_WARN_COMMA = YES;
				CLANG_WARN_CONSTANT_CONVERSION = YES;
				CLANG_WARN_DEPRECATED_OBJC_IMPLEMENTATIONS = YES;
				CLANG_WARN_DIRECT_OBJC_ISA_USAGE = YES_ERROR;
				CLANG_WARN_DOCUMENTATION_COMMENTS = YES;
				CLANG_WARN_EMPTY_BODY = YES;
				CLANG_WARN_ENUM_CONVERSION = YES;
				CLANG_WARN_INFINITE_RECURSION = YES;
				CLANG_WARN_INT_CONVERSION = YES;
				CLANG_WARN_NON_LITERAL_NULL_CONVERSION = YES;
				CLANG_WARN_OBJC_IMPLICIT_RETAIN_SELF = YES;
				CLANG_WARN_OBJC_LITERAL_CONVERSION = YES;
				CLANG_WARN_OBJC_ROOT_CLASS = YES_ERROR;
				CLANG_WARN_QUOTED_INCLUDE_IN_FRAMEWORK_HEADER = YES;
				CLANG_WARN_RANGE_LOOP_ANALYSIS = YES;
				CLANG_WARN_STRICT_PROTOTYPES = YES;
				CLANG_WARN_SUSPICIOUS_MOVE = YES;
				CLANG_WARN_UNGUARDED_AVAILABILITY = YES_AGGRESSIVE;
				CLANG_WARN_UNREACHABLE_CODE = YES;
				CLANG_WARN__DUPLICATE_METHOD_MATCH = YES;
				COPY_PHASE_STRIP = NO;
				DEBUG_INFORMATION_FORMAT = dwarf;
				ENABLE_STRICT_OBJC_MSGSEND = YES;
				ENABLE_TESTABILITY = YES;
				GCC_C_LANGUAGE_STANDARD = gnu11;
				GCC_DYNAMIC_NO_PIC = NO;
				GCC_NO_COMMON_BLOCKS = YES;
				GCC_OPTIMIZATION_LEVEL = 0;
				GCC_PREPROCESSOR_DEFINITIONS = (
					"DEBUG=1",
					"$(inherited)",
				);
				GCC_WARN_64_TO_32_BIT_CONVERSION = YES;
				GCC_WARN_ABOUT_RETURN_TYPE = YES_ERROR;
				GCC_WARN_UNDECLARED_SELECTOR = YES;
				GCC_WARN_UNINITIALIZED_AUTOS = YES_AGGRESSIVE;
				GCC_WARN_UNUSED_FUNCTION = YES;
				GCC_WARN_UNUSED_VARIABLE = YES;
				IPHONEOS_DEPLOYMENT_TARGET = 16.4;
				MTL_ENABLE_DEBUG_INFO = INCLUDE_SOURCE;
				MTL_FAST_MATH = YES;
				ONLY_ACTIVE_ARCH = YES;
				SDKROOT = iphoneos;
				SWIFT_ACTIVE_COMPILATION_CONDITIONS = DEBUG;
				SWIFT_OPTIMIZATION_LEVEL = "-Onone";
			};
			name = Debug;
		};
		A357536629DEB28600E216D5 /* Release */ = {
			isa = XCBuildConfiguration;
			buildSettings = {
				ALWAYS_SEARCH_USER_PATHS = NO;
				CLANG_ANALYZER_NONNULL = YES;
				CLANG_ANALYZER_NUMBER_OBJECT_CONVERSION = YES_AGGRESSIVE;
				CLANG_CXX_LANGUAGE_STANDARD = "gnu++20";
				CLANG_ENABLE_MODULES = YES;
				CLANG_ENABLE_OBJC_ARC = YES;
				CLANG_ENABLE_OBJC_WEAK = YES;
				CLANG_WARN_BLOCK_CAPTURE_AUTORELEASING = YES;
				CLANG_WARN_BOOL_CONVERSION = YES;
				CLANG_WARN_COMMA = YES;
				CLANG_WARN_CONSTANT_CONVERSION = YES;
				CLANG_WARN_DEPRECATED_OBJC_IMPLEMENTATIONS = YES;
				CLANG_WARN_DIRECT_OBJC_ISA_USAGE = YES_ERROR;
				CLANG_WARN_DOCUMENTATION_COMMENTS = YES;
				CLANG_WARN_EMPTY_BODY = YES;
				CLANG_WARN_ENUM_CONVERSION = YES;
				CLANG_WARN_INFINITE_RECURSION = YES;
				CLANG_WARN_INT_CONVERSION = YES;
				CLANG_WARN_NON_LITERAL_NULL_CONVERSION = YES;
				CLANG_WARN_OBJC_IMPLICIT_RETAIN_SELF = YES;
				CLANG_WARN_OBJC_LITERAL_CONVERSION = YES;
				CLANG_WARN_OBJC_ROOT_CLASS = YES_ERROR;
				CLANG_WARN_QUOTED_INCLUDE_IN_FRAMEWORK_HEADER = YES;
				CLANG_WARN_RANGE_LOOP_ANALYSIS = YES;
				CLANG_WARN_STRICT_PROTOTYPES = YES;
				CLANG_WARN_SUSPICIOUS_MOVE = YES;
				CLANG_WARN_UNGUARDED_AVAILABILITY = YES_AGGRESSIVE;
				CLANG_WARN_UNREACHABLE_CODE = YES;
				CLANG_WARN__DUPLICATE_METHOD_MATCH = YES;
				COPY_PHASE_STRIP = NO;
				DEBUG_INFORMATION_FORMAT = "dwarf-with-dsym";
				ENABLE_NS_ASSERTIONS = NO;
				ENABLE_STRICT_OBJC_MSGSEND = YES;
				GCC_C_LANGUAGE_STANDARD = gnu11;
				GCC_NO_COMMON_BLOCKS = YES;
				GCC_WARN_64_TO_32_BIT_CONVERSION = YES;
				GCC_WARN_ABOUT_RETURN_TYPE = YES_ERROR;
				GCC_WARN_UNDECLARED_SELECTOR = YES;
				GCC_WARN_UNINITIALIZED_AUTOS = YES_AGGRESSIVE;
				GCC_WARN_UNUSED_FUNCTION = YES;
				GCC_WARN_UNUSED_VARIABLE = YES;
				IPHONEOS_DEPLOYMENT_TARGET = 16.4;
				MTL_ENABLE_DEBUG_INFO = NO;
				MTL_FAST_MATH = YES;
				SDKROOT = iphoneos;
				SWIFT_COMPILATION_MODE = wholemodule;
				SWIFT_OPTIMIZATION_LEVEL = "-O";
				VALIDATE_PRODUCT = YES;
			};
			name = Release;
		};
		A357536829DEB28600E216D5 /* Debug */ = {
			isa = XCBuildConfiguration;
			buildSettings = {
				ASSETCATALOG_COMPILER_APPICON_NAME = AppIcon;
				ASSETCATALOG_COMPILER_GLOBAL_ACCENT_COLOR_NAME = AccentColor;
				CODE_SIGN_STYLE = Automatic;
				CURRENT_PROJECT_VERSION = 1;
				DEVELOPMENT_TEAM = KVXRF2P4M5;
				GENERATE_INFOPLIST_FILE = YES;
				INFOPLIST_FILE = FindNumber/SupportingFiles/Info.plist;
				INFOPLIST_KEY_CFBundleDisplayName = "Find Number";
				INFOPLIST_KEY_UIApplicationSupportsIndirectInputEvents = YES;
				INFOPLIST_KEY_UILaunchStoryboardName = LaunchScreen;
				INFOPLIST_KEY_UIMainStoryboardFile = Main;
				INFOPLIST_KEY_UISupportedInterfaceOrientations = UIInterfaceOrientationPortrait;
				INFOPLIST_KEY_UISupportedInterfaceOrientations_iPad = "UIInterfaceOrientationLandscapeLeft UIInterfaceOrientationLandscapeRight UIInterfaceOrientationPortrait UIInterfaceOrientationPortraitUpsideDown";
				IPHONEOS_DEPLOYMENT_TARGET = 15.0;
				LD_RUNPATH_SEARCH_PATHS = (
					"$(inherited)",
					"@executable_path/Frameworks",
				);
				MARKETING_VERSION = 1.0;
				PRODUCT_BUNDLE_IDENTIFIER = Ilya.FindNumber;
				PRODUCT_NAME = "$(TARGET_NAME)";
				SUPPORTED_PLATFORMS = "iphoneos iphonesimulator";
				SUPPORTS_MACCATALYST = NO;
				SUPPORTS_MAC_DESIGNED_FOR_IPHONE_IPAD = NO;
				SWIFT_EMIT_LOC_STRINGS = YES;
				SWIFT_VERSION = 5.0;
				TARGETED_DEVICE_FAMILY = 1;
			};
			name = Debug;
		};
		A357536929DEB28600E216D5 /* Release */ = {
			isa = XCBuildConfiguration;
			buildSettings = {
				ASSETCATALOG_COMPILER_APPICON_NAME = AppIcon;
				ASSETCATALOG_COMPILER_GLOBAL_ACCENT_COLOR_NAME = AccentColor;
				CODE_SIGN_STYLE = Automatic;
				CURRENT_PROJECT_VERSION = 1;
				DEVELOPMENT_TEAM = KVXRF2P4M5;
				GENERATE_INFOPLIST_FILE = YES;
				INFOPLIST_FILE = FindNumber/SupportingFiles/Info.plist;
				INFOPLIST_KEY_CFBundleDisplayName = "Find Number";
				INFOPLIST_KEY_UIApplicationSupportsIndirectInputEvents = YES;
				INFOPLIST_KEY_UILaunchStoryboardName = LaunchScreen;
				INFOPLIST_KEY_UIMainStoryboardFile = Main;
				INFOPLIST_KEY_UISupportedInterfaceOrientations = UIInterfaceOrientationPortrait;
				INFOPLIST_KEY_UISupportedInterfaceOrientations_iPad = "UIInterfaceOrientationLandscapeLeft UIInterfaceOrientationLandscapeRight UIInterfaceOrientationPortrait UIInterfaceOrientationPortraitUpsideDown";
				IPHONEOS_DEPLOYMENT_TARGET = 15.0;
				LD_RUNPATH_SEARCH_PATHS = (
					"$(inherited)",
					"@executable_path/Frameworks",
				);
				MARKETING_VERSION = 1.0;
				PRODUCT_BUNDLE_IDENTIFIER = Ilya.FindNumber;
				PRODUCT_NAME = "$(TARGET_NAME)";
				SUPPORTED_PLATFORMS = "iphoneos iphonesimulator";
				SUPPORTS_MACCATALYST = NO;
				SUPPORTS_MAC_DESIGNED_FOR_IPHONE_IPAD = NO;
				SWIFT_EMIT_LOC_STRINGS = YES;
				SWIFT_VERSION = 5.0;
				TARGETED_DEVICE_FAMILY = 1;
			};
			name = Release;
		};
/* End XCBuildConfiguration section */

/* Begin XCConfigurationList section */
		A357534E29DEB28500E216D5 /* Build configuration list for PBXProject "FindNumber" */ = {
			isa = XCConfigurationList;
			buildConfigurations = (
				A357536529DEB28600E216D5 /* Debug */,
				A357536629DEB28600E216D5 /* Release */,
			);
			defaultConfigurationIsVisible = 0;
			defaultConfigurationName = Release;
		};
		A357536729DEB28600E216D5 /* Build configuration list for PBXNativeTarget "FindNumber" */ = {
			isa = XCConfigurationList;
			buildConfigurations = (
				A357536829DEB28600E216D5 /* Debug */,
				A357536929DEB28600E216D5 /* Release */,
			);
			defaultConfigurationIsVisible = 0;
			defaultConfigurationName = Release;
		};
/* End XCConfigurationList section */
	};
	rootObject = A357534B29DEB28500E216D5 /* Project object */;
}
